
Microsoft Visual Studio Solution File, Format Version 12.00
# Visual Studio Version 17
VisualStudioVersion = 17.1.32228.430
MinimumVisualStudioVersion = 10.0.40219.1
Project("{2150E333-8FDC-42A3-9474-1A3956D46DE8}") = "Scripts", "Scripts", "{EC3EF943-D7AE-4DE9-8A93-DB1538572FD1}"
	ProjectSection(SolutionItems) = preProject
		01_Security.sql = 01_Security.sql
		02_Sp.sql = 02_Sp.sql
		03_IniSecurity.sql = 03_IniSecurity.sql
		04_Tb_PersonasFisicas.sql = 04_Tb_PersonasFisicas.sql
	EndProjectSection
EndProject
Project("{9A19103F-16F7-4668-BE54-9A1E7A4F7556}") = "Web.Entities", "Web.Entities\Web.Entities.csproj", "{8A369BEF-1E23-445D-ABCA-35DE7571A917}"
EndProject
Project("{9A19103F-16F7-4668-BE54-9A1E7A4F7556}") = "Web.Repository", "Web.Repository\Web.Repository.csproj", "{34CD5753-EAC1-4047-A153-73C348919D5C}"
EndProject
Project("{9A19103F-16F7-4668-BE54-9A1E7A4F7556}") = "WebApplicationAPI", "WebApplication\WebApplicationAPI.csproj", "{AA8B93DC-72C0-4E8F-B4F3-C9347813198B}"
EndProject
Project("{9A19103F-16F7-4668-BE54-9A1E7A4F7556}") = "WebApplicationMVC", "WebApplicationMVC\WebApplicationMVC.csproj", "{60AC3F69-4D32-435F-81E1-F9D004864EDC}"
EndProject
Global
	GlobalSection(SolutionConfigurationPlatforms) = preSolution
		Debug|Any CPU = Debug|Any CPU
		Release|Any CPU = Release|Any CPU
	EndGlobalSection
	GlobalSection(ProjectConfigurationPlatforms) = postSolution
		{8A369BEF-1E23-445D-ABCA-35DE7571A917}.Debug|Any CPU.ActiveCfg = Debug|Any CPU
		{8A369BEF-1E23-445D-ABCA-35DE7571A917}.Debug|Any CPU.Build.0 = Debug|Any CPU
		{8A369BEF-1E23-445D-ABCA-35DE7571A917}.Release|Any CPU.ActiveCfg = Release|Any CPU
		{8A369BEF-1E23-445D-ABCA-35DE7571A917}.Release|Any CPU.Build.0 = Release|Any CPU
		{34CD5753-EAC1-4047-A153-73C348919D5C}.Debug|Any CPU.ActiveCfg = Debug|Any CPU
		{34CD5753-EAC1-4047-A153-73C348919D5C}.Debug|Any CPU.Build.0 = Debug|Any CPU
		{34CD5753-EAC1-4047-A153-73C348919D5C}.Release|Any CPU.ActiveCfg = Release|Any CPU
		{34CD5753-EAC1-4047-A153-73C348919D5C}.Release|Any CPU.Build.0 = Release|Any CPU
		{AA8B93DC-72C0-4E8F-B4F3-C9347813198B}.Debug|Any CPU.ActiveCfg = Debug|Any CPU
		{AA8B93DC-72C0-4E8F-B4F3-C9347813198B}.Debug|Any CPU.Build.0 = Debug|Any CPU
		{AA8B93DC-72C0-4E8F-B4F3-C9347813198B}.Release|Any CPU.ActiveCfg = Release|Any CPU
		{AA8B93DC-72C0-4E8F-B4F3-C9347813198B}.Release|Any CPU.Build.0 = Release|Any CPU
		{60AC3F69-4D32-435F-81E1-F9D004864EDC}.Debug|Any CPU.ActiveCfg = Debug|Any CPU
		{60AC3F69-4D32-435F-81E1-F9D004864EDC}.Debug|Any CPU.Build.0 = Debug|Any CPU
		{60AC3F69-4D32-435F-81E1-F9D004864EDC}.Release|Any CPU.ActiveCfg = Release|Any CPU
		{60AC3F69-4D32-435F-81E1-F9D004864EDC}.Release|Any CPU.Build.0 = Release|Any CPU
	EndGlobalSection
	GlobalSection(SolutionProperties) = preSolution
		HideSolutionNode = FALSE
	EndGlobalSection
	GlobalSection(ExtensibilityGlobals) = postSolution
		SolutionGuid = {1A074B77-AFFA-40EF-9CAF-55B327E9E080}
	EndGlobalSection
EndGlobal
